
Microsoft Visual Studio Solution File, Format Version 12.00
# Visual Studio Version 16
VisualStudioVersion = 16.0.29905.134
MinimumVisualStudioVersion = 10.0.40219.1
Project("{FAE04EC0-301F-11D3-BF4B-00C04F79EFBC}") = "svnTrack", "svnTrack.csproj", "{0AE7F362-F17D-486F-89FD-16FFD8FB7382}"
EndProject
Global
	GlobalSection(SolutionConfigurationPlatforms) = preSolution
		Debug|Any CPU = Debug|Any CPU
		Release|Any CPU = Release|Any CPU
	EndGlobalSection
	GlobalSection(ProjectConfigurationPlatforms) = postSolution
		{0AE7F362-F17D-486F-89FD-16FFD8FB7382}.Debug|Any CPU.ActiveCfg = Debug|Any CPU
		{0AE7F362-F17D-486F-89FD-16FFD8FB7382}.Debug|Any CPU.Build.0 = Debug|Any CPU
		{0AE7F362-F17D-486F-89FD-16FFD8FB7382}.Release|Any CPU.ActiveCfg = Release|Any CPU
		{0AE7F362-F17D-486F-89FD-16FFD8FB7382}.Release|Any CPU.Build.0 = Release|Any CPU
	EndGlobalSection
	GlobalSection(SolutionProperties) = preSolution
		HideSolutionNode = FALSE
	EndGlobalSection
	GlobalSection(ExtensibilityGlobals) = postSolution
		SolutionGuid = {5D80980D-F5EE-4CE3-98D8-234B3C8B94FE}
	EndGlobalSection
EndGlobal
